{
    "name": "ssl-backend",
    "version": "1.0.0",
    "lockfileVersion": 3,
    "requires": true,
    "packages": {
        "": {
            "name": "ssl-backend",
            "version": "1.0.0",
            "dependencies": {
                "@prisma/adapter-pg": "^5.22.0",
                "@prisma/client": "^5.22.0",
                "@types/pg": "^8.16.0",
                "@worldcoin/idkit": "^4.0.1",
                "ethers": "^6.16.0",
                "hono": "^4.7.0",
                "jose": "^6.1.3",
                "openai": "^6.22.0",
                "pg": "^8.18.0",
                "prisma": "^5.22.0",
                "viem": "^2.23.0"
            },
            "devDependencies": {
                "@types/bun": "^1.2.0"
            }
        },
        "node_modules/@adraffy/ens-normalize": {
            "version": "1.10.1",
            "license": "MIT"
        },
        "node_modules/@noble/ciphers": {
            "version": "1.3.0",
            "license": "MIT",
            "engines": {
                "node": "^14.21.3 || >=16"
            },
            "funding": {
                "url": "https://paulmillr.com/funding/"
            }
        },
        "node_modules/@noble/curves": {
            "version": "1.2.0",
            "license": "MIT",
            "dependencies": {
                "@noble/hashes": "1.3.2"
            },
            "funding": {
                "url": "https://paulmillr.com/funding/"
            }
        },
        "node_modules/@noble/hashes": {
            "version": "1.3.2",
            "license": "MIT",
            "engines": {
                "node": ">= 16"
            },
            "funding": {
                "url": "https://paulmillr.com/funding/"
            }
        },
        "node_modules/@noble/secp256k1": {
            "version": "2.3.0",
            "license": "MIT",
            "funding": {
                "url": "https://paulmillr.com/funding/"
            }
        },
        "node_modules/@prisma/adapter-pg": {
            "version": "5.22.0",
            "resolved": "https://registry.npmjs.org/@prisma/adapter-pg/-/adapter-pg-5.22.0.tgz",
            "integrity": "sha512-feLMrZtHD4qSG/Kk+GSQKyLsIpukDhMc4xucNz268NDiYxx0oviI9SA9M8dWX5BSPt2Qhr7Hqt8AVB6V/zvR1g==",
            "license": "Apache-2.0",
            "dependencies": {
                "@prisma/driver-adapter-utils": "5.22.0",
                "postgres-array": "3.0.2"
            },
            "peerDependencies": {
                "pg": "^8.11.3"
            }
        },
        "node_modules/@prisma/client": {
            "version": "5.22.0",
            "resolved": "https://registry.npmjs.org/@prisma/client/-/client-5.22.0.tgz",
            "integrity": "sha512-M0SVXfyHnQREBKxCgyo7sffrKttwE6R8PMq330MIUF0pTwjUhLbW84pFDlf06B27XyCR++VtjugEnIHdr07SVA==",
            "hasInstallScript": true,
            "license": "Apache-2.0",
            "engines": {
                "node": ">=16.13"
            },
            "peerDependencies": {
                "prisma": "*"
            },
            "peerDependenciesMeta": {
                "prisma": {
                    "optional": true
                }
            }
        },
        "node_modules/@prisma/debug": {
            "version": "5.22.0",
            "resolved": "https://registry.npmjs.org/@prisma/debug/-/debug-5.22.0.tgz",
            "integrity": "sha512-AUt44v3YJeggO2ZU5BkXI7M4hu9BF2zzH2iF2V5pyXT/lRTyWiElZ7It+bRH1EshoMRxHgpYg4VB6rCM+mG5jQ==",
            "license": "Apache-2.0"
        },
        "node_modules/@prisma/driver-adapter-utils": {
            "version": "5.22.0",
            "resolved": "https://registry.npmjs.org/@prisma/driver-adapter-utils/-/driver-adapter-utils-5.22.0.tgz",
            "integrity": "sha512-Y8msGZl9unmVflXoqdxTejv99UD02Gp4VoIvkyw+YxNUIj7nRz35O7yf5D87qNmTiPMGCS1WjUucG9ZuNq8+tw==",
            "license": "Apache-2.0",
            "dependencies": {
                "@prisma/debug": "5.22.0"
            }
        },
        "node_modules/@prisma/engines": {
            "version": "5.22.0",
            "resolved": "https://registry.npmjs.org/@prisma/engines/-/engines-5.22.0.tgz",
            "integrity": "sha512-UNjfslWhAt06kVL3CjkuYpHAWSO6L4kDCVPegV6itt7nD1kSJavd3vhgAEhjglLJJKEdJ7oIqDJ+yHk6qO8gPA==",
            "hasInstallScript": true,
            "license": "Apache-2.0",
            "dependencies": {
                "@prisma/debug": "5.22.0",
                "@prisma/engines-version": "5.22.0-44.605197351a3c8bdd595af2d2a9bc3025bca48ea2",
                "@prisma/fetch-engine": "5.22.0",
                "@prisma/get-platform": "5.22.0"
            }
        },
        "node_modules/@prisma/engines-version": {
            "version": "5.22.0-44.605197351a3c8bdd595af2d2a9bc3025bca48ea2",
            "resolved": "https://registry.npmjs.org/@prisma/engines-version/-/engines-version-5.22.0-44.605197351a3c8bdd595af2d2a9bc3025bca48ea2.tgz",
            "integrity": "sha512-2PTmxFR2yHW/eB3uqWtcgRcgAbG1rwG9ZriSvQw+nnb7c4uCr3RAcGMb6/zfE88SKlC1Nj2ziUvc96Z379mHgQ==",
            "license": "Apache-2.0"
        },
        "node_modules/@prisma/fetch-engine": {
            "version": "5.22.0",
            "resolved": "https://registry.npmjs.org/@prisma/fetch-engine/-/fetch-engine-5.22.0.tgz",
            "integrity": "sha512-bkrD/Mc2fSvkQBV5EpoFcZ87AvOgDxbG99488a5cexp5Ccny+UM6MAe/UFkUC0wLYD9+9befNOqGiIJhhq+HbA==",
            "license": "Apache-2.0",
            "dependencies": {
                "@prisma/debug": "5.22.0",
                "@prisma/engines-version": "5.22.0-44.605197351a3c8bdd595af2d2a9bc3025bca48ea2",
                "@prisma/get-platform": "5.22.0"
            }
        },
        "node_modules/@prisma/get-platform": {
            "version": "5.22.0",
            "resolved": "https://registry.npmjs.org/@prisma/get-platform/-/get-platform-5.22.0.tgz",
            "integrity": "sha512-pHhpQdr1UPFpt+zFfnPazhulaZYCUqeIcPpJViYoq9R+D/yw4fjE+CtnsnKzPYm0ddUbeXUzjGVGIRVgPDCk4Q==",
            "license": "Apache-2.0",
            "dependencies": {
                "@prisma/debug": "5.22.0"
            }
        },
        "node_modules/@scure/base": {
            "version": "1.2.6",
            "license": "MIT",
            "funding": {
                "url": "https://paulmillr.com/funding/"
            }
        },
        "node_modules/@scure/bip32": {
            "version": "1.7.0",
            "license": "MIT",
            "dependencies": {
                "@noble/curves": "~1.9.0",
                "@noble/hashes": "~1.8.0",
                "@scure/base": "~1.2.5"
            },
            "funding": {
                "url": "https://paulmillr.com/funding/"
            }
        },
        "node_modules/@scure/bip32/node_modules/@noble/curves": {
            "version": "1.9.1",
            "license": "MIT",
            "dependencies": {
                "@noble/hashes": "1.8.0"
            },
            "engines": {
                "node": "^14.21.3 || >=16"
            },
            "funding": {
                "url": "https://paulmillr.com/funding/"
            }
        },
        "node_modules/@scure/bip32/node_modules/@noble/hashes": {
            "version": "1.8.0",
            "license": "MIT",
            "engines": {
                "node": "^14.21.3 || >=16"
            },
            "funding": {
                "url": "https://paulmillr.com/funding/"
            }
        },
        "node_modules/@scure/bip39": {
            "version": "1.6.0",
            "license": "MIT",
            "dependencies": {
                "@noble/hashes": "~1.8.0",
                "@scure/base": "~1.2.5"
            },
            "funding": {
                "url": "https://paulmillr.com/funding/"
            }
        },
        "node_modules/@scure/bip39/node_modules/@noble/hashes": {
            "version": "1.8.0",
            "license": "MIT",
            "engines": {
                "node": "^14.21.3 || >=16"
            },
            "funding": {
                "url": "https://paulmillr.com/funding/"
            }
        },
        "node_modules/@types/bun": {
            "version": "1.3.9",
            "dev": true,
            "license": "MIT",
            "dependencies": {
                "bun-types": "1.3.9"
            }
        },
        "node_modules/@types/node": {
            "version": "25.2.3",
            "license": "MIT",
            "dependencies": {
                "undici-types": "~7.16.0"
            }
        },
        "node_modules/@types/pg": {
            "version": "8.16.0",
            "license": "MIT",
            "dependencies": {
                "@types/node": "*",
                "pg-protocol": "*",
                "pg-types": "^2.2.0"
            }
        },
        "node_modules/@worldcoin/idkit": {
            "version": "4.0.1",
            "license": "MIT",
            "dependencies": {
                "@worldcoin/idkit-core": "4.0.2",
                "qrcode": "^1.5.4"
            },
            "peerDependencies": {
                "react": ">=18",
                "react-dom": ">=18"
            }
        },
        "node_modules/@worldcoin/idkit-core": {
            "version": "4.0.2",
            "license": "MIT",
            "dependencies": {
                "@noble/hashes": "^1.7.2",
                "@noble/secp256k1": "^2.2.3"
            }
        },
        "node_modules/@worldcoin/idkit-core/node_modules/@noble/hashes": {
            "version": "1.8.0",
            "license": "MIT",
            "engines": {
                "node": "^14.21.3 || >=16"
            },
            "funding": {
                "url": "https://paulmillr.com/funding/"
            }
        },
        "node_modules/abitype": {
            "version": "1.2.3",
            "license": "MIT",
            "funding": {
                "url": "https://github.com/sponsors/wevm"
            },
            "peerDependencies": {
                "typescript": ">=5.0.4",
                "zod": "^3.22.0 || ^4.0.0"
            },
            "peerDependenciesMeta": {
                "typescript": {
                    "optional": true
                },
                "zod": {
                    "optional": true
                }
            }
        },
        "node_modules/aes-js": {
            "version": "4.0.0-beta.5",
            "license": "MIT"
        },
        "node_modules/ansi-regex": {
            "version": "5.0.1",
            "license": "MIT",
            "engines": {
                "node": ">=8"
            }
        },
        "node_modules/ansi-styles": {
            "version": "4.3.0",
            "license": "MIT",
            "dependencies": {
                "color-convert": "^2.0.1"
            },
            "engines": {
                "node": ">=8"
            },
            "funding": {
                "url": "https://github.com/chalk/ansi-styles?sponsor=1"
            }
        },
        "node_modules/bun-types": {
            "version": "1.3.9",
            "dev": true,
            "license": "MIT",
            "dependencies": {
                "@types/node": "*"
            }
        },
        "node_modules/camelcase": {
            "version": "5.3.1",
            "license": "MIT",
            "engines": {
                "node": ">=6"
            }
        },
        "node_modules/cliui": {
            "version": "6.0.0",
            "license": "ISC",
            "dependencies": {
                "string-width": "^4.2.0",
                "strip-ansi": "^6.0.0",
                "wrap-ansi": "^6.2.0"
            }
        },
        "node_modules/color-convert": {
            "version": "2.0.1",
            "license": "MIT",
            "dependencies": {
                "color-name": "~1.1.4"
            },
            "engines": {
                "node": ">=7.0.0"
            }
        },
        "node_modules/color-name": {
            "version": "1.1.4",
            "license": "MIT"
        },
        "node_modules/decamelize": {
            "version": "1.2.0",
            "license": "MIT",
            "engines": {
                "node": ">=0.10.0"
            }
        },
        "node_modules/dijkstrajs": {
            "version": "1.0.3",
            "license": "MIT"
        },
        "node_modules/emoji-regex": {
            "version": "8.0.0",
            "license": "MIT"
        },
        "node_modules/ethers": {
            "version": "6.16.0",
            "funding": [
                {
                    "type": "individual",
                    "url": "https://github.com/sponsors/ethers-io/"
                },
                {
                    "type": "individual",
                    "url": "https://www.buymeacoffee.com/ricmoo"
                }
            ],
            "license": "MIT",
            "dependencies": {
                "@adraffy/ens-normalize": "1.10.1",
                "@noble/curves": "1.2.0",
                "@noble/hashes": "1.3.2",
                "@types/node": "22.7.5",
                "aes-js": "4.0.0-beta.5",
                "tslib": "2.7.0",
                "ws": "8.17.1"
            },
            "engines": {
                "node": ">=14.0.0"
            }
        },
        "node_modules/ethers/node_modules/@types/node": {
            "version": "22.7.5",
            "license": "MIT",
            "dependencies": {
                "undici-types": "~6.19.2"
            }
        },
        "node_modules/ethers/node_modules/@types/node/node_modules/undici-types": {
            "version": "6.19.8",
            "license": "MIT"
        },
        "node_modules/ethers/node_modules/ws": {
            "version": "8.17.1",
            "resolved": "https://registry.npmjs.org/ws/-/ws-8.17.1.tgz",
            "integrity": "sha512-6XQFvXTkbfUOZOKKILFG1PDK2NDQs4azKQl26T0YS5CxqWLgXajbPZ+h4gZekJyRqFU8pvnbAbbs/3TgRPy+GQ==",
            "license": "MIT",
            "engines": {
                "node": ">=10.0.0"
            },
            "peerDependencies": {
                "bufferutil": "^4.0.1",
                "utf-8-validate": ">=5.0.2"
            },
            "peerDependenciesMeta": {
                "bufferutil": {
                    "optional": true
                },
                "utf-8-validate": {
                    "optional": true
                }
            }
        },
        "node_modules/eventemitter3": {
            "version": "5.0.1",
            "license": "MIT"
        },
        "node_modules/find-up": {
            "version": "4.1.0",
            "license": "MIT",
            "dependencies": {
                "locate-path": "^5.0.0",
                "path-exists": "^4.0.0"
            },
            "engines": {
                "node": ">=8"
            }
        },
        "node_modules/fsevents": {
            "version": "2.3.3",
            "resolved": "https://registry.npmjs.org/fsevents/-/fsevents-2.3.3.tgz",
            "integrity": "sha512-5xoDfX+fL7faATnagmWPpbFtwh/R77WmMMqqHGS65C3vvB0YHrgF+B1YmZ3441tMj5n63k0212XNoJwzlhffQw==",
            "hasInstallScript": true,
            "license": "MIT",
            "optional": true,
            "os": [
                "darwin"
            ],
            "engines": {
                "node": "^8.16.0 || ^10.6.0 || >=11.0.0"
            }
        },
        "node_modules/get-caller-file": {
            "version": "2.0.5",
            "license": "ISC",
            "engines": {
                "node": "6.* || 8.* || >= 10.*"
            }
        },
        "node_modules/hono": {
            "version": "4.11.9",
            "license": "MIT",
            "engines": {
                "node": ">=16.9.0"
            }
        },
        "node_modules/is-fullwidth-code-point": {
            "version": "3.0.0",
            "license": "MIT",
            "engines": {
                "node": ">=8"
            }
        },
        "node_modules/isows": {
            "version": "1.0.7",
            "funding": [
                {
                    "type": "github",
                    "url": "https://github.com/sponsors/wevm"
                }
            ],
            "license": "MIT",
            "peerDependencies": {
                "ws": "*"
            }
        },
        "node_modules/jose": {
            "version": "6.1.3",
            "license": "MIT",
            "funding": {
                "url": "https://github.com/sponsors/panva"
            }
        },
        "node_modules/locate-path": {
            "version": "5.0.0",
            "license": "MIT",
            "dependencies": {
                "p-locate": "^4.1.0"
            },
            "engines": {
                "node": ">=8"
            }
        },
        "node_modules/openai": {
            "version": "6.22.0",
            "license": "Apache-2.0",
            "bin": {
                "openai": "bin/cli"
            },
            "peerDependencies": {
                "ws": "^8.18.0",
                "zod": "^3.25 || ^4.0"
            },
            "peerDependenciesMeta": {
                "ws": {
                    "optional": true
                },
                "zod": {
                    "optional": true
                }
            }
        },
        "node_modules/ox": {
            "version": "0.12.1",
            "funding": [
                {
                    "type": "github",
                    "url": "https://github.com/sponsors/wevm"
                }
            ],
            "license": "MIT",
            "dependencies": {
                "@adraffy/ens-normalize": "^1.11.0",
                "@noble/ciphers": "^1.3.0",
                "@noble/curves": "1.9.1",
                "@noble/hashes": "^1.8.0",
                "@scure/bip32": "^1.7.0",
                "@scure/bip39": "^1.6.0",
                "abitype": "^1.2.3",
                "eventemitter3": "5.0.1"
            },
            "peerDependencies": {
                "typescript": ">=5.4.0"
            },
            "peerDependenciesMeta": {
                "typescript": {
                    "optional": true
                }
            }
        },
        "node_modules/ox/node_modules/@adraffy/ens-normalize": {
            "version": "1.11.1",
            "license": "MIT"
        },
        "node_modules/ox/node_modules/@noble/curves": {
            "version": "1.9.1",
            "license": "MIT",
            "dependencies": {
                "@noble/hashes": "1.8.0"
            },
            "engines": {
                "node": "^14.21.3 || >=16"
            },
            "funding": {
                "url": "https://paulmillr.com/funding/"
            }
        },
        "node_modules/ox/node_modules/@noble/hashes": {
            "version": "1.8.0",
            "license": "MIT",
            "engines": {
                "node": "^14.21.3 || >=16"
            },
            "funding": {
                "url": "https://paulmillr.com/funding/"
            }
        },
        "node_modules/p-limit": {
            "version": "2.3.0",
            "license": "MIT",
            "dependencies": {
                "p-try": "^2.0.0"
            },
            "engines": {
                "node": ">=6"
            },
            "funding": {
                "url": "https://github.com/sponsors/sindresorhus"
            }
        },
        "node_modules/p-locate": {
            "version": "4.1.0",
            "license": "MIT",
            "dependencies": {
                "p-limit": "^2.2.0"
            },
            "engines": {
                "node": ">=8"
            }
        },
        "node_modules/p-try": {
            "version": "2.2.0",
            "license": "MIT",
            "engines": {
                "node": ">=6"
            }
        },
        "node_modules/path-exists": {
            "version": "4.0.0",
            "license": "MIT",
            "engines": {
                "node": ">=8"
            }
        },
        "node_modules/pg": {
            "version": "8.18.0",
            "license": "MIT",
            "peer": true,
            "dependencies": {
                "pg-connection-string": "^2.11.0",
                "pg-pool": "^3.11.0",
                "pg-protocol": "^1.11.0",
                "pg-types": "2.2.0",
                "pgpass": "1.0.5"
            },
            "engines": {
                "node": ">= 16.0.0"
            },
            "optionalDependencies": {
                "pg-cloudflare": "^1.3.0"
            },
            "peerDependencies": {
                "pg-native": ">=3.0.1"
            },
            "peerDependenciesMeta": {
                "pg-native": {
                    "optional": true
                }
            }
        },
        "node_modules/pg-cloudflare": {
            "version": "1.3.0",
            "license": "MIT",
            "optional": true
        },
        "node_modules/pg-connection-string": {
            "version": "2.11.0",
            "license": "MIT"
        },
        "node_modules/pg-int8": {
            "version": "1.0.1",
            "license": "ISC",
            "engines": {
                "node": ">=4.0.0"
            }
        },
        "node_modules/pg-pool": {
            "version": "3.11.0",
            "license": "MIT",
            "peerDependencies": {
                "pg": ">=8.0"
            }
        },
        "node_modules/pg-protocol": {
            "version": "1.11.0",
            "license": "MIT"
        },
        "node_modules/pg-types": {
            "version": "2.2.0",
            "license": "MIT",
            "dependencies": {
                "pg-int8": "1.0.1",
                "postgres-array": "~2.0.0",
                "postgres-bytea": "~1.0.0",
                "postgres-date": "~1.0.4",
                "postgres-interval": "^1.1.0"
            },
            "engines": {
                "node": ">=4"
            }
        },
        "node_modules/pg-types/node_modules/postgres-array": {
            "version": "2.0.0",
            "license": "MIT",
            "engines": {
                "node": ">=4"
            }
        },
        "node_modules/pgpass": {
            "version": "1.0.5",
            "license": "MIT",
            "dependencies": {
                "split2": "^4.1.0"
            }
        },
        "node_modules/pngjs": {
            "version": "5.0.0",
            "license": "MIT",
            "engines": {
                "node": ">=10.13.0"
            }
        },
        "node_modules/postgres-array": {
            "version": "3.0.2",
            "resolved": "https://registry.npmjs.org/postgres-array/-/postgres-array-3.0.2.tgz",
            "integrity": "sha512-6faShkdFugNQCLwucjPcY5ARoW1SlbnrZjmGl0IrrqewpvxvhSLHimCVzqeuULCbG0fQv7Dtk1yDbG3xv7Veog==",
            "license": "MIT",
            "engines": {
                "node": ">=12"
            }
        },
        "node_modules/postgres-bytea": {
            "version": "1.0.1",
            "license": "MIT",
            "engines": {
                "node": ">=0.10.0"
            }
        },
        "node_modules/postgres-date": {
            "version": "1.0.7",
            "license": "MIT",
            "engines": {
                "node": ">=0.10.0"
            }
        },
        "node_modules/postgres-interval": {
            "version": "1.2.0",
            "license": "MIT",
            "dependencies": {
                "xtend": "^4.0.0"
            },
            "engines": {
                "node": ">=0.10.0"
            }
        },
        "node_modules/prisma": {
            "version": "5.22.0",
            "resolved": "https://registry.npmjs.org/prisma/-/prisma-5.22.0.tgz",
            "integrity": "sha512-vtpjW3XuYCSnMsNVBjLMNkTj6OZbudcPPTPYHqX0CJfpcdWciI1dM8uHETwmDxxiqEwCIE6WvXucWUetJgfu/A==",
            "hasInstallScript": true,
            "license": "Apache-2.0",
            "peer": true,
            "dependencies": {
                "@prisma/engines": "5.22.0"
            },
            "bin": {
                "prisma": "build/index.js"
            },
            "engines": {
                "node": ">=16.13"
            },
            "optionalDependencies": {
                "fsevents": "2.3.3"
            }
        },
        "node_modules/qrcode": {
            "version": "1.5.4",
            "license": "MIT",
            "dependencies": {
                "dijkstrajs": "^1.0.1",
                "pngjs": "^5.0.0",
                "yargs": "^15.3.1"
            },
            "bin": {
                "qrcode": "bin/qrcode"
            },
            "engines": {
                "node": ">=10.13.0"
            }
        },
        "node_modules/react": {
            "version": "19.2.4",
            "license": "MIT",
            "peer": true,
            "engines": {
                "node": ">=0.10.0"
            }
        },
        "node_modules/react-dom": {
            "version": "19.2.4",
            "license": "MIT",
            "peer": true,
            "dependencies": {
                "scheduler": "^0.27.0"
            },
            "peerDependencies": {
                "react": "^19.2.4"
            }
        },
        "node_modules/require-directory": {
            "version": "2.1.1",
            "license": "MIT",
            "engines": {
                "node": ">=0.10.0"
            }
        },
        "node_modules/require-main-filename": {
            "version": "2.0.0",
            "license": "ISC"
        },
        "node_modules/scheduler": {
            "version": "0.27.0",
            "license": "MIT"
        },
        "node_modules/set-blocking": {
            "version": "2.0.0",
            "license": "ISC"
        },
        "node_modules/split2": {
            "version": "4.2.0",
            "license": "ISC",
            "engines": {
                "node": ">= 10.x"
            }
        },
        "node_modules/string-width": {
            "version": "4.2.3",
            "license": "MIT",
            "dependencies": {
                "emoji-regex": "^8.0.0",
                "is-fullwidth-code-point": "^3.0.0",
                "strip-ansi": "^6.0.1"
            },
            "engines": {
                "node": ">=8"
            }
        },
        "node_modules/strip-ansi": {
            "version": "6.0.1",
            "license": "MIT",
            "dependencies": {
                "ansi-regex": "^5.0.1"
            },
            "engines": {
                "node": ">=8"
            }
        },
        "node_modules/tslib": {
            "version": "2.7.0",
            "license": "0BSD"
        },
        "node_modules/undici-types": {
            "version": "7.16.0",
            "license": "MIT"
        },
        "node_modules/viem": {
            "version": "2.45.3",
            "funding": [
                {
                    "type": "github",
                    "url": "https://github.com/sponsors/wevm"
                }
            ],
            "license": "MIT",
            "dependencies": {
                "@noble/curves": "1.9.1",
                "@noble/hashes": "1.8.0",
                "@scure/bip32": "1.7.0",
                "@scure/bip39": "1.6.0",
                "abitype": "1.2.3",
                "isows": "1.0.7",
                "ox": "0.12.1",
                "ws": "8.18.3"
            },
            "peerDependencies": {
                "typescript": ">=5.0.4"
            },
            "peerDependenciesMeta": {
                "typescript": {
                    "optional": true
                }
            }
        },
        "node_modules/viem/node_modules/@noble/curves": {
            "version": "1.9.1",
            "license": "MIT",
            "dependencies": {
                "@noble/hashes": "1.8.0"
            },
            "engines": {
                "node": "^14.21.3 || >=16"
            },
            "funding": {
                "url": "https://paulmillr.com/funding/"
            }
        },
        "node_modules/viem/node_modules/@noble/hashes": {
            "version": "1.8.0",
            "license": "MIT",
            "engines": {
                "node": "^14.21.3 || >=16"
            },
            "funding": {
                "url": "https://paulmillr.com/funding/"
            }
        },
        "node_modules/viem/node_modules/ws": {
            "version": "8.18.3",
            "license": "MIT",
            "engines": {
                "node": ">=10.0.0"
            },
            "peerDependencies": {
                "bufferutil": "^4.0.1",
                "utf-8-validate": ">=5.0.2"
            },
            "peerDependenciesMeta": {
                "bufferutil": {
                    "optional": true
                },
                "utf-8-validate": {
                    "optional": true
                }
            }
        },
        "node_modules/which-module": {
            "version": "2.0.1",
            "license": "ISC"
        },
        "node_modules/wrap-ansi": {
            "version": "6.2.0",
            "license": "MIT",
            "dependencies": {
                "ansi-styles": "^4.0.0",
                "string-width": "^4.1.0",
                "strip-ansi": "^6.0.0"
            },
            "engines": {
                "node": ">=8"
            }
        },
        "node_modules/ws": {
            "version": "8.19.0",
            "resolved": "https://registry.npmjs.org/ws/-/ws-8.19.0.tgz",
            "integrity": "sha512-blAT2mjOEIi0ZzruJfIhb3nps74PRWTCz1IjglWEEpQl5XS/UNama6u2/rjFkDDouqr4L67ry+1aGIALViWjDg==",
            "license": "MIT",
            "peer": true,
            "engines": {
                "node": ">=10.0.0"
            },
            "peerDependencies": {
                "bufferutil": "^4.0.1",
                "utf-8-validate": ">=5.0.2"
            },
            "peerDependenciesMeta": {
                "bufferutil": {
                    "optional": true
                },
                "utf-8-validate": {
                    "optional": true
                }
            }
        },
        "node_modules/xtend": {
            "version": "4.0.2",
            "license": "MIT",
            "engines": {
                "node": ">=0.4"
            }
        },
        "node_modules/y18n": {
            "version": "4.0.3",
            "license": "ISC"
        },
        "node_modules/yargs": {
            "version": "15.4.1",
            "license": "MIT",
            "dependencies": {
                "cliui": "^6.0.0",
                "decamelize": "^1.2.0",
                "find-up": "^4.1.0",
                "get-caller-file": "^2.0.1",
                "require-directory": "^2.1.1",
                "require-main-filename": "^2.0.0",
                "set-blocking": "^2.0.0",
                "string-width": "^4.2.0",
                "which-module": "^2.0.0",
                "y18n": "^4.0.0",
                "yargs-parser": "^18.1.2"
            },
            "engines": {
                "node": ">=8"
            }
        },
        "node_modules/yargs-parser": {
            "version": "18.1.3",
            "license": "ISC",
            "dependencies": {
                "camelcase": "^5.0.0",
                "decamelize": "^1.2.0"
            },
            "engines": {
                "node": ">=6"
            }
        }
    }
}
